
Microsoft Visual Studio Solution File, Format Version 12.00
# Visual Studio Version 17
VisualStudioVersion = 17.7.34024.191
MinimumVisualStudioVersion = 10.0.40219.1
Project("{FAE04EC0-301F-11D3-BF4B-00C04F79EFBC}") = "AutoComplete", "AutoComplete.csproj", "{78BD204F-3ED2-4209-93E3-BB6BE9BA1C42}"
EndProject
Global
	GlobalSection(SolutionConfigurationPlatforms) = preSolution
		Debug|Any CPU = Debug|Any CPU
		Release|Any CPU = Release|Any CPU
	EndGlobalSection
	GlobalSection(ProjectConfigurationPlatforms) = postSolution
		{78BD204F-3ED2-4209-93E3-BB6BE9BA1C42}.Debug|Any CPU.ActiveCfg = Debug|Any CPU
		{78BD204F-3ED2-4209-93E3-BB6BE9BA1C42}.Debug|Any CPU.Build.0 = Debug|Any CPU
		{78BD204F-3ED2-4209-93E3-BB6BE9BA1C42}.Release|Any CPU.ActiveCfg = Release|Any CPU
		{78BD204F-3ED2-4209-93E3-BB6BE9BA1C42}.Release|Any CPU.Build.0 = Release|Any CPU
	EndGlobalSection
	GlobalSection(SolutionProperties) = preSolution
		HideSolutionNode = FALSE
	EndGlobalSection
	GlobalSection(ExtensibilityGlobals) = postSolution
		SolutionGuid = {DC23B75A-30BA-4A07-9140-14D881E45AAF}
	EndGlobalSection
EndGlobal
